
Microsoft Visual Studio Solution File, Format Version 12.00
# Visual Studio Version 17
VisualStudioVersion = 17.6.33712.159
MinimumVisualStudioVersion = 10.0.40219.1
Project("{9A19103F-16F7-4668-BE54-9A1E7A4F7556}") = "EFCore_Acitivity0402", "EFCore_Acitivity0402\EFCore_Acitivity0402.csproj", "{F8889E87-CAF9-417A-969A-D8F266A7F7EE}"
EndProject
Project("{9A19103F-16F7-4668-BE54-9A1E7A4F7556}") = "EFCore_Library", "EFCore_Library\EFCore_Library.csproj", "{9E69C32B-5E3F-4054-8CFD-0BBB4BA2C797}"
EndProject
Project("{9A19103F-16F7-4668-BE54-9A1E7A4F7556}") = "InventoryManageHelper", "InventoryManageHelper\InventoryManageHelper.csproj", "{6F9ABF47-3B89-4BD1-A3F6-9EC7EF014670}"
EndProject
Project("{9A19103F-16F7-4668-BE54-9A1E7A4F7556}") = "InventoryModels", "InventoryModels\InventoryModels.csproj", "{CA05FA75-10FC-4B0A-A615-55D6D0F99D7F}"
EndProject
Project("{9A19103F-16F7-4668-BE54-9A1E7A4F7556}") = "EFCore_Activity0601", "EFCore_Activity0601\EFCore_Activity0601.csproj", "{5F99CA87-E7C5-45D8-BFD5-D2F14F28BCAC}"
EndProject
Project("{9A19103F-16F7-4668-BE54-9A1E7A4F7556}") = "InventoryDataMigrator", "InventoryDataMigrator\InventoryDataMigrator.csproj", "{C1BC1093-BD4F-4631-B317-FDA0E9527200}"
EndProject
Project("{9A19103F-16F7-4668-BE54-9A1E7A4F7556}") = "EFCore_Activity0302", "EFCore_Activity0302\EFCore_Activity0302.csproj", "{A7B22FFF-D9F8-42EB-9F24-BF0A922712E8}"
EndProject
Project("{9A19103F-16F7-4668-BE54-9A1E7A4F7556}") = "EFCore_AdventureWorks", "EFCore_AdventureWorks\EFCore_AdventureWorks.csproj", "{D2C0AFBE-B3D3-4300-A8CD-886680EE5800}"
EndProject
Project("{9A19103F-16F7-4668-BE54-9A1E7A4F7556}") = "EFCore_Activity_10_01", "EFCore_Activity_10_01\EFCore_Activity_10_01.csproj", "{AB5F8D3E-3081-4045-A580-D851468E1E82}"
EndProject
Project("{9A19103F-16F7-4668-BE54-9A1E7A4F7556}") = "EFCore_Activity_10_02", "EFCore_Activity_10_02\EFCore_Activity_10_02.csproj", "{65D18F44-4735-4C81-A7FD-522224A3A921}"
EndProject
Project("{9A19103F-16F7-4668-BE54-9A1E7A4F7556}") = "EFCore_Activity_11_01", "EFCore_Activity_11_01\EFCore_Activity_11_01.csproj", "{ED529F76-8775-4DA7-9904-2D1CE5049AA6}"
EndProject
Project("{9A19103F-16F7-4668-BE54-9A1E7A4F7556}") = "InventoryDatabaseLayer", "InventoryDatabaseLayer\InventoryDatabaseLayer.csproj", "{5493E05C-52AD-409F-90D6-01064C4C07AD}"
EndProject
Project("{9A19103F-16F7-4668-BE54-9A1E7A4F7556}") = "InventoryBusinessLayer", "InventoryBusinessLayer\InventoryBusinessLayer.csproj", "{7081B266-A881-49CE-936C-FE0F6DDDA057}"
EndProject
Project("{FAE04EC0-301F-11D3-BF4B-00C04F79EFBC}") = "InventoryManagerUnitTests", "InventoryManagerUnitTests\InventoryManagerUnitTests.csproj", "{992FC07E-B31C-456F-A1DA-504340849F79}"
EndProject
Project("{FAE04EC0-301F-11D3-BF4B-00C04F79EFBC}") = "InventoryManagerIntegrationTests", "InventoryManagerIntegrationTests\InventoryManagerIntegrationTests.csproj", "{12699C4D-E512-4EEB-9338-04AD9E370430}"
EndProject
Global
	GlobalSection(SolutionConfigurationPlatforms) = preSolution
		Debug|Any CPU = Debug|Any CPU
		Release|Any CPU = Release|Any CPU
	EndGlobalSection
	GlobalSection(ProjectConfigurationPlatforms) = postSolution
		{F8889E87-CAF9-417A-969A-D8F266A7F7EE}.Debug|Any CPU.ActiveCfg = Debug|Any CPU
		{F8889E87-CAF9-417A-969A-D8F266A7F7EE}.Debug|Any CPU.Build.0 = Debug|Any CPU
		{F8889E87-CAF9-417A-969A-D8F266A7F7EE}.Release|Any CPU.ActiveCfg = Release|Any CPU
		{F8889E87-CAF9-417A-969A-D8F266A7F7EE}.Release|Any CPU.Build.0 = Release|Any CPU
		{9E69C32B-5E3F-4054-8CFD-0BBB4BA2C797}.Debug|Any CPU.ActiveCfg = Debug|Any CPU
		{9E69C32B-5E3F-4054-8CFD-0BBB4BA2C797}.Debug|Any CPU.Build.0 = Debug|Any CPU
		{9E69C32B-5E3F-4054-8CFD-0BBB4BA2C797}.Release|Any CPU.ActiveCfg = Release|Any CPU
		{9E69C32B-5E3F-4054-8CFD-0BBB4BA2C797}.Release|Any CPU.Build.0 = Release|Any CPU
		{6F9ABF47-3B89-4BD1-A3F6-9EC7EF014670}.Debug|Any CPU.ActiveCfg = Debug|Any CPU
		{6F9ABF47-3B89-4BD1-A3F6-9EC7EF014670}.Debug|Any CPU.Build.0 = Debug|Any CPU
		{6F9ABF47-3B89-4BD1-A3F6-9EC7EF014670}.Release|Any CPU.ActiveCfg = Release|Any CPU
		{6F9ABF47-3B89-4BD1-A3F6-9EC7EF014670}.Release|Any CPU.Build.0 = Release|Any CPU
		{CA05FA75-10FC-4B0A-A615-55D6D0F99D7F}.Debug|Any CPU.ActiveCfg = Debug|Any CPU
		{CA05FA75-10FC-4B0A-A615-55D6D0F99D7F}.Debug|Any CPU.Build.0 = Debug|Any CPU
		{CA05FA75-10FC-4B0A-A615-55D6D0F99D7F}.Release|Any CPU.ActiveCfg = Release|Any CPU
		{CA05FA75-10FC-4B0A-A615-55D6D0F99D7F}.Release|Any CPU.Build.0 = Release|Any CPU
		{5F99CA87-E7C5-45D8-BFD5-D2F14F28BCAC}.Debug|Any CPU.ActiveCfg = Debug|Any CPU
		{5F99CA87-E7C5-45D8-BFD5-D2F14F28BCAC}.Debug|Any CPU.Build.0 = Debug|Any CPU
		{5F99CA87-E7C5-45D8-BFD5-D2F14F28BCAC}.Release|Any CPU.ActiveCfg = Release|Any CPU
		{5F99CA87-E7C5-45D8-BFD5-D2F14F28BCAC}.Release|Any CPU.Build.0 = Release|Any CPU
		{C1BC1093-BD4F-4631-B317-FDA0E9527200}.Debug|Any CPU.ActiveCfg = Debug|Any CPU
		{C1BC1093-BD4F-4631-B317-FDA0E9527200}.Debug|Any CPU.Build.0 = Debug|Any CPU
		{C1BC1093-BD4F-4631-B317-FDA0E9527200}.Release|Any CPU.ActiveCfg = Release|Any CPU
		{C1BC1093-BD4F-4631-B317-FDA0E9527200}.Release|Any CPU.Build.0 = Release|Any CPU
		{A7B22FFF-D9F8-42EB-9F24-BF0A922712E8}.Debug|Any CPU.ActiveCfg = Debug|Any CPU
		{A7B22FFF-D9F8-42EB-9F24-BF0A922712E8}.Debug|Any CPU.Build.0 = Debug|Any CPU
		{A7B22FFF-D9F8-42EB-9F24-BF0A922712E8}.Release|Any CPU.ActiveCfg = Release|Any CPU
		{A7B22FFF-D9F8-42EB-9F24-BF0A922712E8}.Release|Any CPU.Build.0 = Release|Any CPU
		{D2C0AFBE-B3D3-4300-A8CD-886680EE5800}.Debug|Any CPU.ActiveCfg = Debug|Any CPU
		{D2C0AFBE-B3D3-4300-A8CD-886680EE5800}.Debug|Any CPU.Build.0 = Debug|Any CPU
		{D2C0AFBE-B3D3-4300-A8CD-886680EE5800}.Release|Any CPU.ActiveCfg = Release|Any CPU
		{D2C0AFBE-B3D3-4300-A8CD-886680EE5800}.Release|Any CPU.Build.0 = Release|Any CPU
		{AB5F8D3E-3081-4045-A580-D851468E1E82}.Debug|Any CPU.ActiveCfg = Debug|Any CPU
		{AB5F8D3E-3081-4045-A580-D851468E1E82}.Debug|Any CPU.Build.0 = Debug|Any CPU
		{AB5F8D3E-3081-4045-A580-D851468E1E82}.Release|Any CPU.ActiveCfg = Release|Any CPU
		{AB5F8D3E-3081-4045-A580-D851468E1E82}.Release|Any CPU.Build.0 = Release|Any CPU
		{65D18F44-4735-4C81-A7FD-522224A3A921}.Debug|Any CPU.ActiveCfg = Debug|Any CPU
		{65D18F44-4735-4C81-A7FD-522224A3A921}.Debug|Any CPU.Build.0 = Debug|Any CPU
		{65D18F44-4735-4C81-A7FD-522224A3A921}.Release|Any CPU.ActiveCfg = Release|Any CPU
		{65D18F44-4735-4C81-A7FD-522224A3A921}.Release|Any CPU.Build.0 = Release|Any CPU
		{ED529F76-8775-4DA7-9904-2D1CE5049AA6}.Debug|Any CPU.ActiveCfg = Debug|Any CPU
		{ED529F76-8775-4DA7-9904-2D1CE5049AA6}.Debug|Any CPU.Build.0 = Debug|Any CPU
		{ED529F76-8775-4DA7-9904-2D1CE5049AA6}.Release|Any CPU.ActiveCfg = Release|Any CPU
		{ED529F76-8775-4DA7-9904-2D1CE5049AA6}.Release|Any CPU.Build.0 = Release|Any CPU
		{5493E05C-52AD-409F-90D6-01064C4C07AD}.Debug|Any CPU.ActiveCfg = Debug|Any CPU
		{5493E05C-52AD-409F-90D6-01064C4C07AD}.Debug|Any CPU.Build.0 = Debug|Any CPU
		{5493E05C-52AD-409F-90D6-01064C4C07AD}.Release|Any CPU.ActiveCfg = Release|Any CPU
		{5493E05C-52AD-409F-90D6-01064C4C07AD}.Release|Any CPU.Build.0 = Release|Any CPU
		{7081B266-A881-49CE-936C-FE0F6DDDA057}.Debug|Any CPU.ActiveCfg = Debug|Any CPU
		{7081B266-A881-49CE-936C-FE0F6DDDA057}.Debug|Any CPU.Build.0 = Debug|Any CPU
		{7081B266-A881-49CE-936C-FE0F6DDDA057}.Release|Any CPU.ActiveCfg = Release|Any CPU
		{7081B266-A881-49CE-936C-FE0F6DDDA057}.Release|Any CPU.Build.0 = Release|Any CPU
		{992FC07E-B31C-456F-A1DA-504340849F79}.Debug|Any CPU.ActiveCfg = Debug|Any CPU
		{992FC07E-B31C-456F-A1DA-504340849F79}.Debug|Any CPU.Build.0 = Debug|Any CPU
		{992FC07E-B31C-456F-A1DA-504340849F79}.Release|Any CPU.ActiveCfg = Release|Any CPU
		{992FC07E-B31C-456F-A1DA-504340849F79}.Release|Any CPU.Build.0 = Release|Any CPU
		{12699C4D-E512-4EEB-9338-04AD9E370430}.Debug|Any CPU.ActiveCfg = Debug|Any CPU
		{12699C4D-E512-4EEB-9338-04AD9E370430}.Debug|Any CPU.Build.0 = Debug|Any CPU
		{12699C4D-E512-4EEB-9338-04AD9E370430}.Release|Any CPU.ActiveCfg = Release|Any CPU
		{12699C4D-E512-4EEB-9338-04AD9E370430}.Release|Any CPU.Build.0 = Release|Any CPU
	EndGlobalSection
	GlobalSection(SolutionProperties) = preSolution
		HideSolutionNode = FALSE
	EndGlobalSection
	GlobalSection(ExtensibilityGlobals) = postSolution
		SolutionGuid = {7CD16AFE-E7CD-4EAF-8547-F86B35E223DE}
	EndGlobalSection
EndGlobal
